{
    "name": "Acid",
    "version": "3.0.7",
    "lockfileVersion": 2,
    "requires": true,
    "packages": {
        "": {
            "name": "Acid",
            "version": "3.0.7",
            "license": "ISC",
            "bin": {
                "Acid": "index.js"
            }
        }
    }
}
